{
  "name": "common-utils-js",
  "version": "1.0.0",
  "lockfileVersion": 1,
  "requires": true,
  "dependencies": {
    "dns-packet": {
      "version": "5.0.2",
      "resolved": "https://registry.npmjs.org/dns-packet/-/dns-packet-5.0.2.tgz",
      "integrity": "sha512-vHTr8EEx3R4SWk92Oaez/En9c2Rw20h/iLvxuSI8X7KBi8OW5clnHHFoaGbz2UkMoyWwsWveL9LLv33yONv5uQ==",
      "requires": {
        "ip": "^1.1.5"
      }
    },
    "dns-socket": {
      "version": "4.1.1",
      "resolved": "https://registry.npmjs.org/dns-socket/-/dns-socket-4.1.1.tgz",
      "integrity": "sha512-Di/5kHM1QIn9bF94chtFL9AoX2U4WneZ2KDvPH65vv9RSVqINEqfEvcqd1SUxIfDgU/Eic+NAezPrWOXtUI7Yw==",
      "requires": {
        "dns-packet": "^5.0.1"
      }
    },
    "ip": {
      "version": "1.1.5",
      "resolved": "https://registry.npmjs.org/ip/-/ip-1.1.5.tgz",
      "integrity": "sha1-vd7XARQpCCjAoDnnLvJfWq7ENUo="
    },
    "loadash": {
      "version": "1.0.0",
      "resolved": "https://registry.npmjs.org/loadash/-/loadash-1.0.0.tgz",
      "integrity": "sha512-xlX5HBsXB3KG0FJbJJG/3kYWCfsCyCSus3T+uHVu6QL6YxAdggmm3QeyLgn54N2yi5/UE6xxL5ZWJAAiHzHYEg=="
    },
    "lodash": {
      "version": "4.17.10",
      "resolved": "https://registry.npmjs.org/lodash/-/lodash-4.17.10.tgz",
      "integrity": "sha512-UejweD1pDoXu+AD825lWwp4ZGtSwgnpZxb3JDViD7StjQz+Nb/6l093lx4OQ0foGWNRoc19mWy7BzL+UAK2iVg=="
    }
  }
}
